
Microsoft Visual Studio Solution File, Format Version 12.00
# Visual Studio Version 16
VisualStudioVersion = 16.0.33214.272
MinimumVisualStudioVersion = 10.0.40219.1
Project("{FAE04EC0-301F-11D3-BF4B-00C04F79EFBC}") = "Token", "Token\Token.csproj", "{5C6595B0-A571-4596-B388-B9EC695B9320}"
EndProject
Project("{FAE04EC0-301F-11D3-BF4B-00C04F79EFBC}") = "Dal", "Dal\Dal.csproj", "{A9E20F6C-89F0-4481-A8CC-C0F3F83DF398}"
EndProject
Project("{FAE04EC0-301F-11D3-BF4B-00C04F79EFBC}") = "Model", "Model\Model.csproj", "{84920B99-7795-4EF9-9BA8-38EDE349D0EE}"
EndProject
Global
	GlobalSection(SolutionConfigurationPlatforms) = preSolution
		Debug|Any CPU = Debug|Any CPU
		Release|Any CPU = Release|Any CPU
	EndGlobalSection
	GlobalSection(ProjectConfigurationPlatforms) = postSolution
		{5C6595B0-A571-4596-B388-B9EC695B9320}.Debug|Any CPU.ActiveCfg = Debug|Any CPU
		{5C6595B0-A571-4596-B388-B9EC695B9320}.Debug|Any CPU.Build.0 = Debug|Any CPU
		{5C6595B0-A571-4596-B388-B9EC695B9320}.Release|Any CPU.ActiveCfg = Release|Any CPU
		{5C6595B0-A571-4596-B388-B9EC695B9320}.Release|Any CPU.Build.0 = Release|Any CPU
		{A9E20F6C-89F0-4481-A8CC-C0F3F83DF398}.Debug|Any CPU.ActiveCfg = Debug|Any CPU
		{A9E20F6C-89F0-4481-A8CC-C0F3F83DF398}.Debug|Any CPU.Build.0 = Debug|Any CPU
		{A9E20F6C-89F0-4481-A8CC-C0F3F83DF398}.Release|Any CPU.ActiveCfg = Release|Any CPU
		{A9E20F6C-89F0-4481-A8CC-C0F3F83DF398}.Release|Any CPU.Build.0 = Release|Any CPU
		{84920B99-7795-4EF9-9BA8-38EDE349D0EE}.Debug|Any CPU.ActiveCfg = Debug|Any CPU
		{84920B99-7795-4EF9-9BA8-38EDE349D0EE}.Debug|Any CPU.Build.0 = Debug|Any CPU
		{84920B99-7795-4EF9-9BA8-38EDE349D0EE}.Release|Any CPU.ActiveCfg = Release|Any CPU
		{84920B99-7795-4EF9-9BA8-38EDE349D0EE}.Release|Any CPU.Build.0 = Release|Any CPU
	EndGlobalSection
	GlobalSection(SolutionProperties) = preSolution
		HideSolutionNode = FALSE
	EndGlobalSection
	GlobalSection(ExtensibilityGlobals) = postSolution
		SolutionGuid = {74CCAD99-E88C-472C-ACCC-22F9B604D7D6}
	EndGlobalSection
EndGlobal
